
Microsoft Visual Studio Solution File, Format Version 12.00
# Visual Basic Express 2012
Project("{F184B08F-C81C-45F6-A57F-5ABD9991F28F}") = "WAREHOUSE1", "WAREHOUSE1\WAREHOUSE1.vbproj", "{D55A520F-87B0-4B7D-BA84-29D3FEA21B44}"
EndProject
Global
	GlobalSection(SolutionConfigurationPlatforms) = preSolution
		Debug|x86 = Debug|x86
		Release|x86 = Release|x86
	EndGlobalSection
	GlobalSection(ProjectConfigurationPlatforms) = postSolution
		{D55A520F-87B0-4B7D-BA84-29D3FEA21B44}.Debug|x86.ActiveCfg = Debug|x86
		{D55A520F-87B0-4B7D-BA84-29D3FEA21B44}.Debug|x86.Build.0 = Debug|x86
		{D55A520F-87B0-4B7D-BA84-29D3FEA21B44}.Release|x86.ActiveCfg = Release|x86
		{D55A520F-87B0-4B7D-BA84-29D3FEA21B44}.Release|x86.Build.0 = Release|x86
	EndGlobalSection
	GlobalSection(SolutionProperties) = preSolution
		HideSolutionNode = FALSE
	EndGlobalSection
EndGlobal
